
Microsoft Visual Studio Solution File, Format Version 12.00
# Visual Studio 14
VisualStudioVersion = 14.0.25420.1
MinimumVisualStudioVersion = 10.0.40219.1
Project("{2150E333-8FDC-42A3-9474-1A3956D46DE8}") = ".nuget", ".nuget", "{DFA48E27-7D53-4955-A722-3D91A7119BE7}"
	ProjectSection(SolutionItems) = preProject
		.nuget\NuGet.Config = .nuget\NuGet.Config
		.nuget\NuGet.exe = .nuget\NuGet.exe
		.nuget\NuGet.targets = .nuget\NuGet.targets
	EndProjectSection
EndProject
Project("{FAE04EC0-301F-11D3-BF4B-00C04F79EFBC}") = "Vickn.Platform.Core", "Vickn.Platform.Core\Vickn.Platform.Core.csproj", "{17298EA0-AF73-4F30-B6F1-2066100D7D74}"
EndProject
Project("{FAE04EC0-301F-11D3-BF4B-00C04F79EFBC}") = "Vickn.Platform.Application", "Vickn.Platform.Application\Vickn.Platform.Application.csproj", "{EDF5D964-4C0F-4F19-B674-58A38A5E5401}"
EndProject
Project("{FAE04EC0-301F-11D3-BF4B-00C04F79EFBC}") = "Vickn.Platform.EntityFramework", "Vickn.Platform.EntityFramework\Vickn.Platform.EntityFramework.csproj", "{3979F157-DEB0-4878-AB1D-4CEF6B5A1300}"
EndProject
Project("{FAE04EC0-301F-11D3-BF4B-00C04F79EFBC}") = "Vickn.Platform.WebApi", "Vickn.Platform.WebApi\Vickn.Platform.WebApi.csproj", "{5EB52D3D-09FD-463A-B02A-8D9856BD3724}"
EndProject
Project("{FAE04EC0-301F-11D3-BF4B-00C04F79EFBC}") = "Vickn.Platform.Web", "Vickn.Platform.Web\Vickn.Platform.Web.csproj", "{404A6D3B-AA85-4E4C-AEEE-1E5026D5F135}"
EndProject
Project("{2150E333-8FDC-42A3-9474-1A3956D46DE8}") = "Test", "Test", "{7E85C7E5-70BD-4C9D-B052-D95955F46609}"
EndProject
Project("{FAE04EC0-301F-11D3-BF4B-00C04F79EFBC}") = "Vickn.Platform.Tests", "Tests\Vickn.Platform.Tests\Vickn.Platform.Tests.csproj", "{C602C47E-F379-40A3-A146-4F19105B3491}"
EndProject
Project("{2150E333-8FDC-42A3-9474-1A3956D46DE8}") = "Tools", "Tools", "{7408541C-F99C-4197-B203-136115BD1CB9}"
EndProject
Project("{FAE04EC0-301F-11D3-BF4B-00C04F79EFBC}") = "Vickn.Platform.Migrator", "Tools\Vickn.Platform.Migrator\Vickn.Platform.Migrator.csproj", "{6F98C2F2-898A-421B-BE3D-68FE69EC0646}"
EndProject
Project("{FAE04EC0-301F-11D3-BF4B-00C04F79EFBC}") = "Vickn.PlatfForm.Utils", "Vickn.PlatfForm.Utils\Vickn.PlatfForm.Utils.csproj", "{AFA147E0-7E8E-4832-9193-6161D90180FD}"
EndProject
Project("{2150E333-8FDC-42A3-9474-1A3956D46DE8}") = "WorkerPxoxy", "WorkerPxoxy", "{C78F477E-A40B-4504-9C2D-4D22A93F5A15}"
EndProject
Project("{FAE04EC0-301F-11D3-BF4B-00C04F79EFBC}") = "Vickn.Platform.WorkerPxoxy", "Platform.WorkerPxoxy\Vickn.Platform.WorkerPxoxy.csproj", "{83772CE0-5546-44AD-8F5C-2CFEEB4A1E0F}"
EndProject
Project("{FAE04EC0-301F-11D3-BF4B-00C04F79EFBC}") = "Vickn.Platform.WorkerPxoxy.HangFire", "Vickn.Platform.HangFire\Vickn.Platform.WorkerPxoxy.HangFire.csproj", "{51F40EC8-C5AC-48C6-A756-1D84F2A469D3}"
EndProject
Global
	GlobalSection(SolutionConfigurationPlatforms) = preSolution
		Debug|Any CPU = Debug|Any CPU
		Release|Any CPU = Release|Any CPU
	EndGlobalSection
	GlobalSection(ProjectConfigurationPlatforms) = postSolution
		{17298EA0-AF73-4F30-B6F1-2066100D7D74}.Debug|Any CPU.ActiveCfg = Debug|Any CPU
		{17298EA0-AF73-4F30-B6F1-2066100D7D74}.Debug|Any CPU.Build.0 = Debug|Any CPU
		{17298EA0-AF73-4F30-B6F1-2066100D7D74}.Release|Any CPU.ActiveCfg = Release|Any CPU
		{17298EA0-AF73-4F30-B6F1-2066100D7D74}.Release|Any CPU.Build.0 = Release|Any CPU
		{EDF5D964-4C0F-4F19-B674-58A38A5E5401}.Debug|Any CPU.ActiveCfg = Debug|Any CPU
		{EDF5D964-4C0F-4F19-B674-58A38A5E5401}.Debug|Any CPU.Build.0 = Debug|Any CPU
		{EDF5D964-4C0F-4F19-B674-58A38A5E5401}.Release|Any CPU.ActiveCfg = Release|Any CPU
		{EDF5D964-4C0F-4F19-B674-58A38A5E5401}.Release|Any CPU.Build.0 = Release|Any CPU
		{3979F157-DEB0-4878-AB1D-4CEF6B5A1300}.Debug|Any CPU.ActiveCfg = Debug|Any CPU
		{3979F157-DEB0-4878-AB1D-4CEF6B5A1300}.Debug|Any CPU.Build.0 = Debug|Any CPU
		{3979F157-DEB0-4878-AB1D-4CEF6B5A1300}.Release|Any CPU.ActiveCfg = Release|Any CPU
		{3979F157-DEB0-4878-AB1D-4CEF6B5A1300}.Release|Any CPU.Build.0 = Release|Any CPU
		{5EB52D3D-09FD-463A-B02A-8D9856BD3724}.Debug|Any CPU.ActiveCfg = Debug|Any CPU
		{5EB52D3D-09FD-463A-B02A-8D9856BD3724}.Debug|Any CPU.Build.0 = Debug|Any CPU
		{5EB52D3D-09FD-463A-B02A-8D9856BD3724}.Release|Any CPU.ActiveCfg = Release|Any CPU
		{5EB52D3D-09FD-463A-B02A-8D9856BD3724}.Release|Any CPU.Build.0 = Release|Any CPU
		{404A6D3B-AA85-4E4C-AEEE-1E5026D5F135}.Debug|Any CPU.ActiveCfg = Debug|Any CPU
		{404A6D3B-AA85-4E4C-AEEE-1E5026D5F135}.Debug|Any CPU.Build.0 = Debug|Any CPU
		{404A6D3B-AA85-4E4C-AEEE-1E5026D5F135}.Release|Any CPU.ActiveCfg = Release|Any CPU
		{404A6D3B-AA85-4E4C-AEEE-1E5026D5F135}.Release|Any CPU.Build.0 = Release|Any CPU
		{C602C47E-F379-40A3-A146-4F19105B3491}.Debug|Any CPU.ActiveCfg = Debug|Any CPU
		{C602C47E-F379-40A3-A146-4F19105B3491}.Debug|Any CPU.Build.0 = Debug|Any CPU
		{C602C47E-F379-40A3-A146-4F19105B3491}.Release|Any CPU.ActiveCfg = Release|Any CPU
		{C602C47E-F379-40A3-A146-4F19105B3491}.Release|Any CPU.Build.0 = Release|Any CPU
		{6F98C2F2-898A-421B-BE3D-68FE69EC0646}.Debug|Any CPU.ActiveCfg = Debug|Any CPU
		{6F98C2F2-898A-421B-BE3D-68FE69EC0646}.Debug|Any CPU.Build.0 = Debug|Any CPU
		{6F98C2F2-898A-421B-BE3D-68FE69EC0646}.Release|Any CPU.ActiveCfg = Release|Any CPU
		{6F98C2F2-898A-421B-BE3D-68FE69EC0646}.Release|Any CPU.Build.0 = Release|Any CPU
		{AFA147E0-7E8E-4832-9193-6161D90180FD}.Debug|Any CPU.ActiveCfg = Debug|Any CPU
		{AFA147E0-7E8E-4832-9193-6161D90180FD}.Debug|Any CPU.Build.0 = Debug|Any CPU
		{AFA147E0-7E8E-4832-9193-6161D90180FD}.Release|Any CPU.ActiveCfg = Release|Any CPU
		{AFA147E0-7E8E-4832-9193-6161D90180FD}.Release|Any CPU.Build.0 = Release|Any CPU
		{83772CE0-5546-44AD-8F5C-2CFEEB4A1E0F}.Debug|Any CPU.ActiveCfg = Debug|Any CPU
		{83772CE0-5546-44AD-8F5C-2CFEEB4A1E0F}.Debug|Any CPU.Build.0 = Debug|Any CPU
		{83772CE0-5546-44AD-8F5C-2CFEEB4A1E0F}.Release|Any CPU.ActiveCfg = Release|Any CPU
		{83772CE0-5546-44AD-8F5C-2CFEEB4A1E0F}.Release|Any CPU.Build.0 = Release|Any CPU
		{51F40EC8-C5AC-48C6-A756-1D84F2A469D3}.Debug|Any CPU.ActiveCfg = Debug|Any CPU
		{51F40EC8-C5AC-48C6-A756-1D84F2A469D3}.Debug|Any CPU.Build.0 = Debug|Any CPU
		{51F40EC8-C5AC-48C6-A756-1D84F2A469D3}.Release|Any CPU.ActiveCfg = Release|Any CPU
		{51F40EC8-C5AC-48C6-A756-1D84F2A469D3}.Release|Any CPU.Build.0 = Release|Any CPU
	EndGlobalSection
	GlobalSection(SolutionProperties) = preSolution
		HideSolutionNode = FALSE
	EndGlobalSection
	GlobalSection(NestedProjects) = preSolution
		{C602C47E-F379-40A3-A146-4F19105B3491} = {7E85C7E5-70BD-4C9D-B052-D95955F46609}
		{6F98C2F2-898A-421B-BE3D-68FE69EC0646} = {7408541C-F99C-4197-B203-136115BD1CB9}
		{83772CE0-5546-44AD-8F5C-2CFEEB4A1E0F} = {C78F477E-A40B-4504-9C2D-4D22A93F5A15}
		{51F40EC8-C5AC-48C6-A756-1D84F2A469D3} = {C78F477E-A40B-4504-9C2D-4D22A93F5A15}
	EndGlobalSection
EndGlobal
